
Microsoft Visual Studio Solution File, Format Version 12.00
# Visual Studio Version 17
VisualStudioVersion = 17.14.36327.8
MinimumVisualStudioVersion = 10.0.40219.1
Project("{FAE04EC0-301F-11D3-BF4B-00C04F79EFBC}") = "ExpensesService", "services\ExpensesService\ExpensesService.csproj", "{870F6739-8B86-A218-B058-2C0C73D22338}"
EndProject
Project("{FAE04EC0-301F-11D3-BF4B-00C04F79EFBC}") = "UserService", "services\UserService\UserService.csproj", "{35B35688-57B8-4008-8E0F-74DBCE7C66DB}"
EndProject
Project("{FAE04EC0-301F-11D3-BF4B-00C04F79EFBC}") = "EcoCalcService", "services\EcoCalcService\EcoCalcService.csproj", "{6616CEBD-110D-4BC6-8A32-543BF750E3CF}"
EndProject
Global
	GlobalSection(SolutionConfigurationPlatforms) = preSolution
		Debug|Any CPU = Debug|Any CPU
		Release|Any CPU = Release|Any CPU
	EndGlobalSection
	GlobalSection(ProjectConfigurationPlatforms) = postSolution
		{870F6739-8B86-A218-B058-2C0C73D22338}.Debug|Any CPU.ActiveCfg = Debug|Any CPU
		{870F6739-8B86-A218-B058-2C0C73D22338}.Debug|Any CPU.Build.0 = Debug|Any CPU
		{870F6739-8B86-A218-B058-2C0C73D22338}.Release|Any CPU.ActiveCfg = Release|Any CPU
		{870F6739-8B86-A218-B058-2C0C73D22338}.Release|Any CPU.Build.0 = Release|Any CPU
		{35B35688-57B8-4008-8E0F-74DBCE7C66DB}.Debug|Any CPU.ActiveCfg = Debug|Any CPU
		{35B35688-57B8-4008-8E0F-74DBCE7C66DB}.Debug|Any CPU.Build.0 = Debug|Any CPU
		{35B35688-57B8-4008-8E0F-74DBCE7C66DB}.Release|Any CPU.ActiveCfg = Release|Any CPU
		{35B35688-57B8-4008-8E0F-74DBCE7C66DB}.Release|Any CPU.Build.0 = Release|Any CPU
		{6616CEBD-110D-4BC6-8A32-543BF750E3CF}.Debug|Any CPU.ActiveCfg = Debug|Any CPU
		{6616CEBD-110D-4BC6-8A32-543BF750E3CF}.Debug|Any CPU.Build.0 = Debug|Any CPU
		{6616CEBD-110D-4BC6-8A32-543BF750E3CF}.Release|Any CPU.ActiveCfg = Release|Any CPU
		{6616CEBD-110D-4BC6-8A32-543BF750E3CF}.Release|Any CPU.Build.0 = Release|Any CPU
	EndGlobalSection
	GlobalSection(SolutionProperties) = preSolution
		HideSolutionNode = FALSE
	EndGlobalSection
	GlobalSection(ExtensibilityGlobals) = postSolution
		SolutionGuid = {DC636935-CD6C-4425-A65F-7B65FAFCBD02}
	EndGlobalSection
EndGlobal
